
Microsoft Visual Studio Solution File, Format Version 12.00
# Visual Studio Version 17
VisualStudioVersion = 17.3.32819.101
MinimumVisualStudioVersion = 10.0.40219.1
Project("{2150E333-8FDC-42A3-9474-1A3956D46DE8}") = "src", "src", "{26249181-4D71-476C-BD65-474377D4C8EF}"
EndProject
Project("{2150E333-8FDC-42A3-9474-1A3956D46DE8}") = "Services", "Services", "{346340DE-D04A-4282-957C-19B39178C487}"
EndProject
Project("{2150E333-8FDC-42A3-9474-1A3956D46DE8}") = "OrderService", "OrderService", "{E179C59F-758C-4990-A0F0-948EAE0FE7C0}"
EndProject
Project("{2150E333-8FDC-42A3-9474-1A3956D46DE8}") = "PaymentService", "PaymentService", "{DA7D8AE0-2DD9-4CD5-80B2-1355AFD5B936}"
EndProject
Project("{2150E333-8FDC-42A3-9474-1A3956D46DE8}") = "StockService", "StockService", "{CDB93F1B-426B-4FA1-A7D2-CEAFF424873A}"
EndProject
Project("{FAE04EC0-301F-11D3-BF4B-00C04F79EFBC}") = "Order.API", "src\Services\OrderService\Order.API\Order.API.csproj", "{CCBB3342-E739-4210-B49B-9D26D404E0F8}"
EndProject
Project("{FAE04EC0-301F-11D3-BF4B-00C04F79EFBC}") = "Stock.API", "src\Services\StockService\Stock.API\Stock.API.csproj", "{66E57861-CB87-4E4D-A96F-D5CFAD19C9BF}"
EndProject
Project("{FAE04EC0-301F-11D3-BF4B-00C04F79EFBC}") = "Payment.API", "src\Services\PaymentService\Payment.API\Payment.API.csproj", "{B1D8A42F-B1F4-44A9-8223-3CDB2207A592}"
EndProject
Project("{2150E333-8FDC-42A3-9474-1A3956D46DE8}") = "Shared", "Shared", "{CBFB2837-3C77-4AF8-9959-144EDC5A4D05}"
EndProject
Project("{FAE04EC0-301F-11D3-BF4B-00C04F79EFBC}") = "Shared", "src\Shared\Shared\Shared.csproj", "{FEC8959F-A9E5-45A5-B39F-05473593ACDF}"
EndProject
Global
	GlobalSection(SolutionConfigurationPlatforms) = preSolution
		Debug|Any CPU = Debug|Any CPU
		Release|Any CPU = Release|Any CPU
	EndGlobalSection
	GlobalSection(ProjectConfigurationPlatforms) = postSolution
		{CCBB3342-E739-4210-B49B-9D26D404E0F8}.Debug|Any CPU.ActiveCfg = Debug|Any CPU
		{CCBB3342-E739-4210-B49B-9D26D404E0F8}.Debug|Any CPU.Build.0 = Debug|Any CPU
		{CCBB3342-E739-4210-B49B-9D26D404E0F8}.Release|Any CPU.ActiveCfg = Release|Any CPU
		{CCBB3342-E739-4210-B49B-9D26D404E0F8}.Release|Any CPU.Build.0 = Release|Any CPU
		{66E57861-CB87-4E4D-A96F-D5CFAD19C9BF}.Debug|Any CPU.ActiveCfg = Debug|Any CPU
		{66E57861-CB87-4E4D-A96F-D5CFAD19C9BF}.Debug|Any CPU.Build.0 = Debug|Any CPU
		{66E57861-CB87-4E4D-A96F-D5CFAD19C9BF}.Release|Any CPU.ActiveCfg = Release|Any CPU
		{66E57861-CB87-4E4D-A96F-D5CFAD19C9BF}.Release|Any CPU.Build.0 = Release|Any CPU
		{B1D8A42F-B1F4-44A9-8223-3CDB2207A592}.Debug|Any CPU.ActiveCfg = Debug|Any CPU
		{B1D8A42F-B1F4-44A9-8223-3CDB2207A592}.Debug|Any CPU.Build.0 = Debug|Any CPU
		{B1D8A42F-B1F4-44A9-8223-3CDB2207A592}.Release|Any CPU.ActiveCfg = Release|Any CPU
		{B1D8A42F-B1F4-44A9-8223-3CDB2207A592}.Release|Any CPU.Build.0 = Release|Any CPU
		{FEC8959F-A9E5-45A5-B39F-05473593ACDF}.Debug|Any CPU.ActiveCfg = Debug|Any CPU
		{FEC8959F-A9E5-45A5-B39F-05473593ACDF}.Debug|Any CPU.Build.0 = Debug|Any CPU
		{FEC8959F-A9E5-45A5-B39F-05473593ACDF}.Release|Any CPU.ActiveCfg = Release|Any CPU
		{FEC8959F-A9E5-45A5-B39F-05473593ACDF}.Release|Any CPU.Build.0 = Release|Any CPU
	EndGlobalSection
	GlobalSection(SolutionProperties) = preSolution
		HideSolutionNode = FALSE
	EndGlobalSection
	GlobalSection(NestedProjects) = preSolution
		{346340DE-D04A-4282-957C-19B39178C487} = {26249181-4D71-476C-BD65-474377D4C8EF}
		{E179C59F-758C-4990-A0F0-948EAE0FE7C0} = {346340DE-D04A-4282-957C-19B39178C487}
		{DA7D8AE0-2DD9-4CD5-80B2-1355AFD5B936} = {346340DE-D04A-4282-957C-19B39178C487}
		{CDB93F1B-426B-4FA1-A7D2-CEAFF424873A} = {346340DE-D04A-4282-957C-19B39178C487}
		{CCBB3342-E739-4210-B49B-9D26D404E0F8} = {E179C59F-758C-4990-A0F0-948EAE0FE7C0}
		{66E57861-CB87-4E4D-A96F-D5CFAD19C9BF} = {CDB93F1B-426B-4FA1-A7D2-CEAFF424873A}
		{B1D8A42F-B1F4-44A9-8223-3CDB2207A592} = {DA7D8AE0-2DD9-4CD5-80B2-1355AFD5B936}
		{CBFB2837-3C77-4AF8-9959-144EDC5A4D05} = {26249181-4D71-476C-BD65-474377D4C8EF}
		{FEC8959F-A9E5-45A5-B39F-05473593ACDF} = {CBFB2837-3C77-4AF8-9959-144EDC5A4D05}
	EndGlobalSection
	GlobalSection(ExtensibilityGlobals) = postSolution
		SolutionGuid = {97181C39-B23A-4545-885A-B83F482EC48D}
	EndGlobalSection
EndGlobal
